
Microsoft Visual Studio Solution File, Format Version 12.00
# Visual Studio Version 17
VisualStudioVersion = 17.2.32630.192
MinimumVisualStudioVersion = 10.0.40219.1
Project("{FAE04EC0-301F-11D3-BF4B-00C04F79EFBC}") = "DependencyInjection", "DependencyInjection\DependencyInjection.csproj", "{AD45F882-6008-418A-B425-D4533FB9F9FC}"
EndProject
Global
	GlobalSection(SolutionConfigurationPlatforms) = preSolution
		Debug|Any CPU = Debug|Any CPU
		Release|Any CPU = Release|Any CPU
	EndGlobalSection
	GlobalSection(ProjectConfigurationPlatforms) = postSolution
		{AD45F882-6008-418A-B425-D4533FB9F9FC}.Debug|Any CPU.ActiveCfg = Debug|Any CPU
		{AD45F882-6008-418A-B425-D4533FB9F9FC}.Debug|Any CPU.Build.0 = Debug|Any CPU
		{AD45F882-6008-418A-B425-D4533FB9F9FC}.Release|Any CPU.ActiveCfg = Release|Any CPU
		{AD45F882-6008-418A-B425-D4533FB9F9FC}.Release|Any CPU.Build.0 = Release|Any CPU
	EndGlobalSection
	GlobalSection(SolutionProperties) = preSolution
		HideSolutionNode = FALSE
	EndGlobalSection
	GlobalSection(ExtensibilityGlobals) = postSolution
		SolutionGuid = {0024F130-B8FE-494B-9D1A-1316C9A65B00}
	EndGlobalSection
EndGlobal
